
Microsoft Visual Studio Solution File, Format Version 12.00
# Visual Studio Version 17
VisualStudioVersion = 17.6.33723.286
MinimumVisualStudioVersion = 10.0.40219.1
Project("{FAE04EC0-301F-11D3-BF4B-00C04F79EFBC}") = "Interpreter Pattern2", "Interpreter Pattern2\Interpreter Pattern2.csproj", "{66D40562-652F-46DF-B43B-91FAEC83F5DC}"
EndProject
Global
	GlobalSection(SolutionConfigurationPlatforms) = preSolution
		Debug|Any CPU = Debug|Any CPU
		Release|Any CPU = Release|Any CPU
	EndGlobalSection
	GlobalSection(ProjectConfigurationPlatforms) = postSolution
		{66D40562-652F-46DF-B43B-91FAEC83F5DC}.Debug|Any CPU.ActiveCfg = Debug|Any CPU
		{66D40562-652F-46DF-B43B-91FAEC83F5DC}.Debug|Any CPU.Build.0 = Debug|Any CPU
		{66D40562-652F-46DF-B43B-91FAEC83F5DC}.Release|Any CPU.ActiveCfg = Release|Any CPU
		{66D40562-652F-46DF-B43B-91FAEC83F5DC}.Release|Any CPU.Build.0 = Release|Any CPU
	EndGlobalSection
	GlobalSection(SolutionProperties) = preSolution
		HideSolutionNode = FALSE
	EndGlobalSection
	GlobalSection(ExtensibilityGlobals) = postSolution
		SolutionGuid = {AC9FA588-725C-4580-A16A-AA4EFA85296D}
	EndGlobalSection
EndGlobal
